
Microsoft Visual Studio Solution File, Format Version 12.00
# Visual Studio Version 16
VisualStudioVersion = 16.0.31515.178
MinimumVisualStudioVersion = 10.0.40219.1
Project("{FAE04EC0-301F-11D3-BF4B-00C04F79EFBC}") = "LaserMark", "LaserMark\LaserMark.csproj", "{86C6EECD-9F37-4488-897C-EE2C81A4CE2C}"
EndProject
Global
	GlobalSection(SolutionConfigurationPlatforms) = preSolution
		Debug|Any CPU = Debug|Any CPU
		Release|Any CPU = Release|Any CPU
	EndGlobalSection
	GlobalSection(ProjectConfigurationPlatforms) = postSolution
		{86C6EECD-9F37-4488-897C-EE2C81A4CE2C}.Debug|Any CPU.ActiveCfg = Debug|Any CPU
		{86C6EECD-9F37-4488-897C-EE2C81A4CE2C}.Debug|Any CPU.Build.0 = Debug|Any CPU
		{86C6EECD-9F37-4488-897C-EE2C81A4CE2C}.Release|Any CPU.ActiveCfg = Release|Any CPU
		{86C6EECD-9F37-4488-897C-EE2C81A4CE2C}.Release|Any CPU.Build.0 = Release|Any CPU
	EndGlobalSection
	GlobalSection(SolutionProperties) = preSolution
		HideSolutionNode = FALSE
	EndGlobalSection
	GlobalSection(ExtensibilityGlobals) = postSolution
		SolutionGuid = {2045A7AB-3EC4-4693-8CBD-2ED8DBBDC4EA}
	EndGlobalSection
EndGlobal
